
Microsoft Visual Studio Solution File, Format Version 12.00
# Visual Studio Version 17
VisualStudioVersion = 17.4.33122.133
MinimumVisualStudioVersion = 10.0.40219.1
Project("{2150E333-8FDC-42A3-9474-1A3956D46DE8}") = "IM", "IM", "{3BDAC8DF-E42A-40B0-BA19-662355699DFF}"
EndProject
Project("{9A19103F-16F7-4668-BE54-9A1E7A4F7556}") = "InventoryManagement.API", "IM\InventoryManagement.API\InventoryManagement.API.csproj", "{43E01DEC-B38A-47C5-BEA8-A7B24F6D56C4}"
EndProject
Project("{9A19103F-16F7-4668-BE54-9A1E7A4F7556}") = "InventoryManagement.Core", "IM\InventoryManagement.Core\InventoryManagement.Core.csproj", "{276C133C-FF0B-46E0-BB3F-8FFDD8F00161}"
EndProject
Project("{9A19103F-16F7-4668-BE54-9A1E7A4F7556}") = "InventoryManagement.Repository", "IM\InventoryManagement.Repository\InventoryManagement.Repository.csproj", "{5D5BE180-F754-481A-8793-6DC86A3DC1F2}"
EndProject
Project("{9A19103F-16F7-4668-BE54-9A1E7A4F7556}") = "InventoryManagement.Services", "IM\InventoryManagement.Services\InventoryManagement.Services.csproj", "{828EAAD7-30BD-498C-B92E-A36FB017E052}"
EndProject
Project("{2150E333-8FDC-42A3-9474-1A3956D46DE8}") = "Solution Items", "Solution Items", "{1A76A1FC-4587-4F86-AC5D-A191D4683B3B}"
	ProjectSection(SolutionItems) = preProject
		Services Port List.txt = Services Port List.txt
	EndProjectSection
EndProject
Project("{2150E333-8FDC-42A3-9474-1A3956D46DE8}") = "Gateway", "Gateway", "{D2883697-C0A3-4BBD-9A65-24835530451E}"
EndProject
Project("{9A19103F-16F7-4668-BE54-9A1E7A4F7556}") = "InventoryManagement.Gateway", "Gateway\InventoryManagement.Gateway\InventoryManagement.Gateway.csproj", "{8C9DE995-BE19-4B8D-98E1-34ED9FB49E52}"
EndProject
Project("{2150E333-8FDC-42A3-9474-1A3956D46DE8}") = "Migrations", "Migrations", "{8168C893-325A-48A1-ADF6-FC237E71C244}"
EndProject
Project("{9A19103F-16F7-4668-BE54-9A1E7A4F7556}") = "InventoryManagement.Postgresql", "Migrations\InventoryManagement.Postgresql\InventoryManagement.Postgresql.csproj", "{69761CAB-14DD-4A55-97C6-6DFBAE6AAF78}"
EndProject
Project("{9A19103F-16F7-4668-BE54-9A1E7A4F7556}") = "InventoryManagement.SqlServer", "Migrations\InventoryManagement.SqlServer\InventoryManagement.SqlServer.csproj", "{93F79E77-45C0-47D0-9621-0081F8A7CE1B}"
EndProject
Global
	GlobalSection(SolutionConfigurationPlatforms) = preSolution
		Debug|Any CPU = Debug|Any CPU
		Release|Any CPU = Release|Any CPU
	EndGlobalSection
	GlobalSection(ProjectConfigurationPlatforms) = postSolution
		{43E01DEC-B38A-47C5-BEA8-A7B24F6D56C4}.Debug|Any CPU.ActiveCfg = Debug|Any CPU
		{43E01DEC-B38A-47C5-BEA8-A7B24F6D56C4}.Debug|Any CPU.Build.0 = Debug|Any CPU
		{43E01DEC-B38A-47C5-BEA8-A7B24F6D56C4}.Release|Any CPU.ActiveCfg = Release|Any CPU
		{43E01DEC-B38A-47C5-BEA8-A7B24F6D56C4}.Release|Any CPU.Build.0 = Release|Any CPU
		{276C133C-FF0B-46E0-BB3F-8FFDD8F00161}.Debug|Any CPU.ActiveCfg = Debug|Any CPU
		{276C133C-FF0B-46E0-BB3F-8FFDD8F00161}.Debug|Any CPU.Build.0 = Debug|Any CPU
		{276C133C-FF0B-46E0-BB3F-8FFDD8F00161}.Release|Any CPU.ActiveCfg = Release|Any CPU
		{276C133C-FF0B-46E0-BB3F-8FFDD8F00161}.Release|Any CPU.Build.0 = Release|Any CPU
		{5D5BE180-F754-481A-8793-6DC86A3DC1F2}.Debug|Any CPU.ActiveCfg = Debug|Any CPU
		{5D5BE180-F754-481A-8793-6DC86A3DC1F2}.Debug|Any CPU.Build.0 = Debug|Any CPU
		{5D5BE180-F754-481A-8793-6DC86A3DC1F2}.Release|Any CPU.ActiveCfg = Release|Any CPU
		{5D5BE180-F754-481A-8793-6DC86A3DC1F2}.Release|Any CPU.Build.0 = Release|Any CPU
		{828EAAD7-30BD-498C-B92E-A36FB017E052}.Debug|Any CPU.ActiveCfg = Debug|Any CPU
		{828EAAD7-30BD-498C-B92E-A36FB017E052}.Debug|Any CPU.Build.0 = Debug|Any CPU
		{828EAAD7-30BD-498C-B92E-A36FB017E052}.Release|Any CPU.ActiveCfg = Release|Any CPU
		{828EAAD7-30BD-498C-B92E-A36FB017E052}.Release|Any CPU.Build.0 = Release|Any CPU
		{8C9DE995-BE19-4B8D-98E1-34ED9FB49E52}.Debug|Any CPU.ActiveCfg = Debug|Any CPU
		{8C9DE995-BE19-4B8D-98E1-34ED9FB49E52}.Debug|Any CPU.Build.0 = Debug|Any CPU
		{8C9DE995-BE19-4B8D-98E1-34ED9FB49E52}.Release|Any CPU.ActiveCfg = Release|Any CPU
		{8C9DE995-BE19-4B8D-98E1-34ED9FB49E52}.Release|Any CPU.Build.0 = Release|Any CPU
		{69761CAB-14DD-4A55-97C6-6DFBAE6AAF78}.Debug|Any CPU.ActiveCfg = Debug|Any CPU
		{69761CAB-14DD-4A55-97C6-6DFBAE6AAF78}.Debug|Any CPU.Build.0 = Debug|Any CPU
		{69761CAB-14DD-4A55-97C6-6DFBAE6AAF78}.Release|Any CPU.ActiveCfg = Release|Any CPU
		{69761CAB-14DD-4A55-97C6-6DFBAE6AAF78}.Release|Any CPU.Build.0 = Release|Any CPU
		{93F79E77-45C0-47D0-9621-0081F8A7CE1B}.Debug|Any CPU.ActiveCfg = Debug|Any CPU
		{93F79E77-45C0-47D0-9621-0081F8A7CE1B}.Debug|Any CPU.Build.0 = Debug|Any CPU
		{93F79E77-45C0-47D0-9621-0081F8A7CE1B}.Release|Any CPU.ActiveCfg = Release|Any CPU
		{93F79E77-45C0-47D0-9621-0081F8A7CE1B}.Release|Any CPU.Build.0 = Release|Any CPU
	EndGlobalSection
	GlobalSection(SolutionProperties) = preSolution
		HideSolutionNode = FALSE
	EndGlobalSection
	GlobalSection(NestedProjects) = preSolution
		{43E01DEC-B38A-47C5-BEA8-A7B24F6D56C4} = {3BDAC8DF-E42A-40B0-BA19-662355699DFF}
		{276C133C-FF0B-46E0-BB3F-8FFDD8F00161} = {3BDAC8DF-E42A-40B0-BA19-662355699DFF}
		{5D5BE180-F754-481A-8793-6DC86A3DC1F2} = {3BDAC8DF-E42A-40B0-BA19-662355699DFF}
		{828EAAD7-30BD-498C-B92E-A36FB017E052} = {3BDAC8DF-E42A-40B0-BA19-662355699DFF}
		{8C9DE995-BE19-4B8D-98E1-34ED9FB49E52} = {D2883697-C0A3-4BBD-9A65-24835530451E}
		{8168C893-325A-48A1-ADF6-FC237E71C244} = {3BDAC8DF-E42A-40B0-BA19-662355699DFF}
		{69761CAB-14DD-4A55-97C6-6DFBAE6AAF78} = {8168C893-325A-48A1-ADF6-FC237E71C244}
		{93F79E77-45C0-47D0-9621-0081F8A7CE1B} = {8168C893-325A-48A1-ADF6-FC237E71C244}
	EndGlobalSection
	GlobalSection(ExtensibilityGlobals) = postSolution
		SolutionGuid = {D74D8C90-5A44-4662-ACD3-D572D4E1DB6E}
	EndGlobalSection
EndGlobal
