
Microsoft Visual Studio Solution File, Format Version 12.00
# Visual Studio Version 17
VisualStudioVersion = 17.4.33122.133
MinimumVisualStudioVersion = 10.0.40219.1
Project("{2150E333-8FDC-42A3-9474-1A3956D46DE8}") = "IM", "IM", "{3BDAC8DF-E42A-40B0-BA19-662355699DFF}"
EndProject
Project("{9A19103F-16F7-4668-BE54-9A1E7A4F7556}") = "InventoryManagement.API", "IM\InventoryManagement.API\InventoryManagement.API.csproj", "{43E01DEC-B38A-47C5-BEA8-A7B24F6D56C4}"
EndProject
Project("{9A19103F-16F7-4668-BE54-9A1E7A4F7556}") = "InventoryManagement.Core", "IM\InventoryManagement.Core\InventoryManagement.Core.csproj", "{276C133C-FF0B-46E0-BB3F-8FFDD8F00161}"
EndProject
Project("{9A19103F-16F7-4668-BE54-9A1E7A4F7556}") = "InventoryManagement.Repository", "IM\InventoryManagement.Repository\InventoryManagement.Repository.csproj", "{5D5BE180-F754-481A-8793-6DC86A3DC1F2}"
EndProject
Project("{9A19103F-16F7-4668-BE54-9A1E7A4F7556}") = "InventoryManagement.Services", "IM\InventoryManagement.Services\InventoryManagement.Services.csproj", "{828EAAD7-30BD-498C-B92E-A36FB017E052}"
EndProject
Project("{2150E333-8FDC-42A3-9474-1A3956D46DE8}") = "Solution Items", "Solution Items", "{1A76A1FC-4587-4F86-AC5D-A191D4683B3B}"
	ProjectSection(SolutionItems) = preProject
		Services Port List.txt = Services Port List.txt
	EndProjectSection
EndProject
Project("{2150E333-8FDC-42A3-9474-1A3956D46DE8}") = "Gateway", "Gateway", "{D2883697-C0A3-4BBD-9A65-24835530451E}"
EndProject
Project("{9A19103F-16F7-4668-BE54-9A1E7A4F7556}") = "InventoryManagement.Gateway", "Gateway\InventoryManagement.Gateway\InventoryManagement.Gateway.csproj", "{8C9DE995-BE19-4B8D-98E1-34ED9FB49E52}"
EndProject
Project("{2150E333-8FDC-42A3-9474-1A3956D46DE8}") = "Infrastructure", "Infrastructure", "{91395D00-5625-4658-B59D-51A19BE5DF69}"
EndProject
Project("{9A19103F-16F7-4668-BE54-9A1E7A4F7556}") = "InventoryManagement.SqlServer", "Infrastructure\InventoryManagement.SqlServer\InventoryManagement.SqlServer.csproj", "{13DE165A-6CA7-4818-AB72-169AD230E58E}"
EndProject
Project("{9A19103F-16F7-4668-BE54-9A1E7A4F7556}") = "InventoryManagement.Postgresql", "Infrastructure\InventoryManagement.Postgresql\InventoryManagement.Postgresql.csproj", "{E2FF6D72-BBEF-42C4-B254-EE34F26AC9F1}"
EndProject
Project("{2150E333-8FDC-42A3-9474-1A3956D46DE8}") = "EMail", "EMail", "{674830BB-2282-4CDB-9ECC-99E01F134D42}"
EndProject
Project("{2150E333-8FDC-42A3-9474-1A3956D46DE8}") = "Shared", "Shared", "{A11300A4-1E81-49CA-A1EA-A43EBAA31FD3}"
EndProject
Project("{9A19103F-16F7-4668-BE54-9A1E7A4F7556}") = "InventoryManagement.Shared", "shared\SharedModels\InventoryManagement.Shared.csproj", "{B14FB81C-C3D3-4061-883A-4F8E088EC1D9}"
EndProject
Project("{FAE04EC0-301F-11D3-BF4B-00C04F79EFBC}") = "Email.API", "EMail\EmailService.API\Email.API.csproj", "{643AD6BD-7921-43B4-9075-C84C33960D9A}"
EndProject
Global
	GlobalSection(SolutionConfigurationPlatforms) = preSolution
		Debug|Any CPU = Debug|Any CPU
		Release|Any CPU = Release|Any CPU
	EndGlobalSection
	GlobalSection(ProjectConfigurationPlatforms) = postSolution
		{43E01DEC-B38A-47C5-BEA8-A7B24F6D56C4}.Debug|Any CPU.ActiveCfg = Debug|Any CPU
		{43E01DEC-B38A-47C5-BEA8-A7B24F6D56C4}.Debug|Any CPU.Build.0 = Debug|Any CPU
		{43E01DEC-B38A-47C5-BEA8-A7B24F6D56C4}.Release|Any CPU.ActiveCfg = Release|Any CPU
		{43E01DEC-B38A-47C5-BEA8-A7B24F6D56C4}.Release|Any CPU.Build.0 = Release|Any CPU
		{276C133C-FF0B-46E0-BB3F-8FFDD8F00161}.Debug|Any CPU.ActiveCfg = Debug|Any CPU
		{276C133C-FF0B-46E0-BB3F-8FFDD8F00161}.Debug|Any CPU.Build.0 = Debug|Any CPU
		{276C133C-FF0B-46E0-BB3F-8FFDD8F00161}.Release|Any CPU.ActiveCfg = Release|Any CPU
		{276C133C-FF0B-46E0-BB3F-8FFDD8F00161}.Release|Any CPU.Build.0 = Release|Any CPU
		{5D5BE180-F754-481A-8793-6DC86A3DC1F2}.Debug|Any CPU.ActiveCfg = Debug|Any CPU
		{5D5BE180-F754-481A-8793-6DC86A3DC1F2}.Debug|Any CPU.Build.0 = Debug|Any CPU
		{5D5BE180-F754-481A-8793-6DC86A3DC1F2}.Release|Any CPU.ActiveCfg = Release|Any CPU
		{5D5BE180-F754-481A-8793-6DC86A3DC1F2}.Release|Any CPU.Build.0 = Release|Any CPU
		{828EAAD7-30BD-498C-B92E-A36FB017E052}.Debug|Any CPU.ActiveCfg = Debug|Any CPU
		{828EAAD7-30BD-498C-B92E-A36FB017E052}.Debug|Any CPU.Build.0 = Debug|Any CPU
		{828EAAD7-30BD-498C-B92E-A36FB017E052}.Release|Any CPU.ActiveCfg = Release|Any CPU
		{828EAAD7-30BD-498C-B92E-A36FB017E052}.Release|Any CPU.Build.0 = Release|Any CPU
		{8C9DE995-BE19-4B8D-98E1-34ED9FB49E52}.Debug|Any CPU.ActiveCfg = Debug|Any CPU
		{8C9DE995-BE19-4B8D-98E1-34ED9FB49E52}.Debug|Any CPU.Build.0 = Debug|Any CPU
		{8C9DE995-BE19-4B8D-98E1-34ED9FB49E52}.Release|Any CPU.ActiveCfg = Release|Any CPU
		{8C9DE995-BE19-4B8D-98E1-34ED9FB49E52}.Release|Any CPU.Build.0 = Release|Any CPU
		{13DE165A-6CA7-4818-AB72-169AD230E58E}.Debug|Any CPU.ActiveCfg = Debug|Any CPU
		{13DE165A-6CA7-4818-AB72-169AD230E58E}.Debug|Any CPU.Build.0 = Debug|Any CPU
		{13DE165A-6CA7-4818-AB72-169AD230E58E}.Release|Any CPU.ActiveCfg = Release|Any CPU
		{13DE165A-6CA7-4818-AB72-169AD230E58E}.Release|Any CPU.Build.0 = Release|Any CPU
		{E2FF6D72-BBEF-42C4-B254-EE34F26AC9F1}.Debug|Any CPU.ActiveCfg = Debug|Any CPU
		{E2FF6D72-BBEF-42C4-B254-EE34F26AC9F1}.Debug|Any CPU.Build.0 = Debug|Any CPU
		{E2FF6D72-BBEF-42C4-B254-EE34F26AC9F1}.Release|Any CPU.ActiveCfg = Release|Any CPU
		{E2FF6D72-BBEF-42C4-B254-EE34F26AC9F1}.Release|Any CPU.Build.0 = Release|Any CPU
		{B14FB81C-C3D3-4061-883A-4F8E088EC1D9}.Debug|Any CPU.ActiveCfg = Debug|Any CPU
		{B14FB81C-C3D3-4061-883A-4F8E088EC1D9}.Debug|Any CPU.Build.0 = Debug|Any CPU
		{B14FB81C-C3D3-4061-883A-4F8E088EC1D9}.Release|Any CPU.ActiveCfg = Release|Any CPU
		{B14FB81C-C3D3-4061-883A-4F8E088EC1D9}.Release|Any CPU.Build.0 = Release|Any CPU
		{643AD6BD-7921-43B4-9075-C84C33960D9A}.Debug|Any CPU.ActiveCfg = Debug|Any CPU
		{643AD6BD-7921-43B4-9075-C84C33960D9A}.Debug|Any CPU.Build.0 = Debug|Any CPU
		{643AD6BD-7921-43B4-9075-C84C33960D9A}.Release|Any CPU.ActiveCfg = Release|Any CPU
		{643AD6BD-7921-43B4-9075-C84C33960D9A}.Release|Any CPU.Build.0 = Release|Any CPU
	EndGlobalSection
	GlobalSection(SolutionProperties) = preSolution
		HideSolutionNode = FALSE
	EndGlobalSection
	GlobalSection(NestedProjects) = preSolution
		{43E01DEC-B38A-47C5-BEA8-A7B24F6D56C4} = {3BDAC8DF-E42A-40B0-BA19-662355699DFF}
		{276C133C-FF0B-46E0-BB3F-8FFDD8F00161} = {3BDAC8DF-E42A-40B0-BA19-662355699DFF}
		{5D5BE180-F754-481A-8793-6DC86A3DC1F2} = {3BDAC8DF-E42A-40B0-BA19-662355699DFF}
		{828EAAD7-30BD-498C-B92E-A36FB017E052} = {3BDAC8DF-E42A-40B0-BA19-662355699DFF}
		{8C9DE995-BE19-4B8D-98E1-34ED9FB49E52} = {D2883697-C0A3-4BBD-9A65-24835530451E}
		{91395D00-5625-4658-B59D-51A19BE5DF69} = {3BDAC8DF-E42A-40B0-BA19-662355699DFF}
		{13DE165A-6CA7-4818-AB72-169AD230E58E} = {91395D00-5625-4658-B59D-51A19BE5DF69}
		{E2FF6D72-BBEF-42C4-B254-EE34F26AC9F1} = {91395D00-5625-4658-B59D-51A19BE5DF69}
		{B14FB81C-C3D3-4061-883A-4F8E088EC1D9} = {A11300A4-1E81-49CA-A1EA-A43EBAA31FD3}
		{643AD6BD-7921-43B4-9075-C84C33960D9A} = {674830BB-2282-4CDB-9ECC-99E01F134D42}
	EndGlobalSection
	GlobalSection(ExtensibilityGlobals) = postSolution
		SolutionGuid = {D74D8C90-5A44-4662-ACD3-D572D4E1DB6E}
	EndGlobalSection
EndGlobal
